{
  "requires": true,
  "lockfileVersion": 1,
  "dependencies": {
    "@turf/bbox-polygon": {
      "version": "6.0.1",
      "resolved": "https://registry.npmjs.org/@turf/bbox-polygon/-/bbox-polygon-6.0.1.tgz",
      "integrity": "sha512-f6BK6GOzUNjmJeOYHklk/5LNcQMQbo51gvAM10dTM5IqzKP01KM5bgV88uOKfSZB0HRQVpaRV1tgXk2bg5cPRg==",
      "requires": {
        "@turf/helpers": "6.x"
      }
    },
    "@turf/helpers": {
      "version": "6.1.4",
      "resolved": "https://registry.npmjs.org/@turf/helpers/-/helpers-6.1.4.tgz",
      "integrity": "sha512-vJvrdOZy1ngC7r3MDA7zIGSoIgyrkWcGnNIEaqn/APmw+bVLF2gAW7HIsdTxd12s5wQMqEpqIQrmrbRRZ0xC7g=="
    }
  }
}
