{
  "requires": true,
  "lockfileVersion": 1,
  "dependencies": {
    "2d-point": {
      "version": "1.0.0",
      "resolved": "https://registry.npmjs.org/2d-point/-/2d-point-1.0.0.tgz",
      "integrity": "sha1-QmS1UBPDZs07LgJrVxDYCj6tvhs="
    },
    "@turf/bbox": {
      "version": "6.0.1",
      "resolved": "https://registry.npmjs.org/@turf/bbox/-/bbox-6.0.1.tgz",
      "integrity": "sha512-EGgaRLettBG25Iyx7VyUINsPpVj1x3nFQFiGS3ER8KCI1MximzNLsam3eXRabqQDjyAKyAE1bJ4EZEpGvspQxw==",
      "requires": {
        "@turf/helpers": "6.x",
        "@turf/meta": "6.x"
      }
    },
    "@turf/bbox-polygon": {
      "version": "6.0.1",
      "resolved": "https://registry.npmjs.org/@turf/bbox-polygon/-/bbox-polygon-6.0.1.tgz",
      "integrity": "sha512-f6BK6GOzUNjmJeOYHklk/5LNcQMQbo51gvAM10dTM5IqzKP01KM5bgV88uOKfSZB0HRQVpaRV1tgXk2bg5cPRg==",
      "requires": {
        "@turf/helpers": "6.x"
      }
    },
    "@turf/boolean-disjoint": {
      "version": "6.0.2",
      "resolved": "https://registry.npmjs.org/@turf/boolean-disjoint/-/boolean-disjoint-6.0.2.tgz",
      "integrity": "sha512-xgdqPOXhvCwetoybkYZwBLKro1XxqZgS+xk6Ygb2Jt6btR5P/t0lJ5n85fN0YQuJlR8hEVvCGTYZ0IRTyIEvsQ==",
      "requires": {
        "@turf/boolean-point-in-polygon": "6.x",
        "@turf/helpers": "6.x",
        "@turf/line-intersect": "6.x",
        "@turf/meta": "6.x",
        "@turf/polygon-to-line": "6.x"
      }
    },
    "@turf/boolean-intersects": {
      "version": "6.0.2",
      "resolved": "https://registry.npmjs.org/@turf/boolean-intersects/-/boolean-intersects-6.0.2.tgz",
      "integrity": "sha512-GRC+N2QOP533MnMmauVDj+JNyZG3XwAdY1jtZuY3icxvJ8/47ZWb013Q90heoyGxV92kV5SW0baOooPzSpvT1g==",
      "requires": {
        "@turf/boolean-disjoint": "6.x",
        "@turf/helpers": "6.x",
        "@turf/meta": "6.x"
      }
    },
    "@turf/boolean-point-in-polygon": {
      "version": "6.0.1",
      "resolved": "https://registry.npmjs.org/@turf/boolean-point-in-polygon/-/boolean-point-in-polygon-6.0.1.tgz",
      "integrity": "sha512-FKLOZ124vkJhjzNSDcqpwp2NvfnsbYoUOt5iAE7uskt4svix5hcjIEgX9sELFTJpbLGsD1mUbKdfns8tZxcMNg==",
      "requires": {
        "@turf/helpers": "6.x",
        "@turf/invariant": "6.x"
      }
    },
    "@turf/distance": {
      "version": "6.0.1",
      "resolved": "https://registry.npmjs.org/@turf/distance/-/distance-6.0.1.tgz",
      "integrity": "sha512-q7t7rWIWfkg7MP1Vt4uLjSEhe5rPfCO2JjpKmk7JC+QZKEQkuvHEqy3ejW1iC7Kw5ZcZNR3qdMGGz+6HnVwqvg==",
      "requires": {
        "@turf/helpers": "6.x",
        "@turf/invariant": "6.x"
      }
    },
    "@turf/helpers": {
      "version": "6.1.4",
      "resolved": "https://registry.npmjs.org/@turf/helpers/-/helpers-6.1.4.tgz",
      "integrity": "sha512-vJvrdOZy1ngC7r3MDA7zIGSoIgyrkWcGnNIEaqn/APmw+bVLF2gAW7HIsdTxd12s5wQMqEpqIQrmrbRRZ0xC7g=="
    },
    "@turf/invariant": {
      "version": "6.1.2",
      "resolved": "https://registry.npmjs.org/@turf/invariant/-/invariant-6.1.2.tgz",
      "integrity": "sha512-WU08Ph8j0J2jVGlQCKChXoCtI50BB3yEH21V++V0T4cR1T27HKCxkehV2sYMwTierfMBgjwSwDIsxnR4/2mWXg==",
      "requires": {
        "@turf/helpers": "6.x"
      }
    },
    "@turf/line-intersect": {
      "version": "6.0.2",
      "resolved": "https://registry.npmjs.org/@turf/line-intersect/-/line-intersect-6.0.2.tgz",
      "integrity": "sha512-pfL/lBu7ukBPdTjvSCmcNUzZ83V4R95htwqs5NqU8zeS4R+5KTwacbrOYKztjpmHBwUmPEIIpSbqkUoD0Fp7kg==",
      "requires": {
        "@turf/helpers": "6.x",
        "@turf/invariant": "6.x",
        "@turf/line-segment": "6.x",
        "@turf/meta": "6.x",
        "geojson-rbush": "3.x"
      }
    },
    "@turf/line-segment": {
      "version": "6.0.2",
      "resolved": "https://registry.npmjs.org/@turf/line-segment/-/line-segment-6.0.2.tgz",
      "integrity": "sha512-8AkzDHoNw3X68y115josal+lvdAi4b2P1K0YNTKGyLRBaUhPXVSuMBpMd53FRF1hYEb9UJgMbugF9ZE7m5L6zg==",
      "requires": {
        "@turf/helpers": "6.x",
        "@turf/invariant": "6.x",
        "@turf/meta": "6.x"
      }
    },
    "@turf/meta": {
      "version": "6.0.2",
      "resolved": "https://registry.npmjs.org/@turf/meta/-/meta-6.0.2.tgz",
      "integrity": "sha512-VA7HJkx7qF1l3+GNGkDVn2oXy4+QoLP6LktXAaZKjuT1JI0YESat7quUkbCMy4zP9lAUuvS4YMslLyTtr919FA==",
      "requires": {
        "@turf/helpers": "6.x"
      }
    },
    "@turf/polygon-to-line": {
      "version": "6.0.3",
      "resolved": "https://registry.npmjs.org/@turf/polygon-to-line/-/polygon-to-line-6.0.3.tgz",
      "integrity": "sha512-cJUy7VYLAhgnTBOtYFjNzh5bSlAS/qM8gUHXRGrIxI22RUJk4FXs/X2MEJ4Ki2flCiSeOjRIUEawEslNe7w7RA==",
      "requires": {
        "@turf/helpers": "6.x",
        "@turf/invariant": "6.x"
      }
    },
    "@turf/square-grid": {
      "version": "6.0.2",
      "resolved": "https://registry.npmjs.org/@turf/square-grid/-/square-grid-6.0.2.tgz",
      "integrity": "sha512-ju0bHbUC6MQcjap28S+3YLF1gQARakQVoOjYG/Qmvxf2T8K1a5ZKv387iTztT7zeoh5//JvWy8VbFoT3OZuubQ==",
      "requires": {
        "@turf/boolean-intersects": "6.x",
        "@turf/distance": "6.x",
        "@turf/helpers": "6.x",
        "@turf/invariant": "6.x"
      }
    },
    "bbox": {
      "version": "0.4.0",
      "resolved": "https://registry.npmjs.org/bbox/-/bbox-0.4.0.tgz",
      "integrity": "sha1-SMYncefssnH+ucyjpie1X0dfGek=",
      "requires": {
        "2d-point": "^1.0.0"
      }
    },
    "geojson-rbush": {
      "version": "3.1.2",
      "resolved": "https://registry.npmjs.org/geojson-rbush/-/geojson-rbush-3.1.2.tgz",
      "integrity": "sha512-grkfdg3HIeTjwTfiJe5FT8+fGU3fABCc+vRJDBwdQz9kkLF0Sbif2gs2JUzjewwgmnvLGy9fInySDeADoNuk7w==",
      "requires": {
        "@turf/bbox": "*",
        "@turf/helpers": "6.x",
        "@turf/meta": "6.x",
        "rbush": "^2.0.0"
      }
    },
    "lodash": {
      "version": "4.17.15",
      "resolved": "https://registry.npmjs.org/lodash/-/lodash-4.17.15.tgz",
      "integrity": "sha512-8xOcRHvCjnocdS5cpwXQXVzmmh5e5+saE2QGoeQmbKmRS6J3VQppPOIt0MnmE+4xlZoumy0GPG0D0MVIQbNA1A=="
    },
    "quickselect": {
      "version": "1.1.1",
      "resolved": "https://registry.npmjs.org/quickselect/-/quickselect-1.1.1.tgz",
      "integrity": "sha512-qN0Gqdw4c4KGPsBOQafj6yj/PA6c/L63f6CaZ/DCF/xF4Esu3jVmKLUDYxghFx8Kb/O7y9tI7x2RjTSXwdK1iQ=="
    },
    "rbush": {
      "version": "2.0.2",
      "resolved": "https://registry.npmjs.org/rbush/-/rbush-2.0.2.tgz",
      "integrity": "sha512-XBOuALcTm+O/H8G90b6pzu6nX6v2zCKiFG4BJho8a+bY6AER6t8uQUZdi5bomQc0AprCWhEGa7ncAbbRap0bRA==",
      "requires": {
        "quickselect": "^1.0.1"
      }
    }
  }
}
